// !$*UTF8*$!
{
	archiveVersion = 1;
	classes = {
	};
	objectVersion = 48;
	objects = {

/* Begin PBXBuildFile section */
		0DA9E82E03E5500DFE5FECBD /* Pods_midday.framework in Frameworks */ = {isa = PBXBuildFile; fileRef = 47FB3D622D184427023C60D0 /* Pods_midday.framework */; };
		3E040F3420AA44FA000801EF /* ProfileTableViewController.swift in Sources */ = {isa = PBXBuildFile; fileRef = 3E040F3320AA44FA000801EF /* ProfileTableViewController.swift */; };
		3E0CEB45207040E10016DD39 /* GoogleService-Info.plist in Resources */ = {isa = PBXBuildFile; fileRef = 3E0CEB44207040E10016DD39 /* GoogleService-Info.plist */; };
		3E0CEB46207040E20016DD39 /* GoogleService-Info.plist in Resources */ = {isa = PBXBuildFile; fileRef = 3E0CEB44207040E10016DD39 /* GoogleService-Info.plist */; };
		3E0CEB47207040E20016DD39 /* GoogleService-Info.plist in Resources */ = {isa = PBXBuildFile; fileRef = 3E0CEB44207040E10016DD39 /* GoogleService-Info.plist */; };
		3E4AFA8020390DB700E26791 /* AppDelegate.swift in Sources */ = {isa = PBXBuildFile; fileRef = 3E4AFA7F20390DB700E26791 /* AppDelegate.swift */; };
		3E4AFA8220390DB700E26791 /* HomeViewController.swift in Sources */ = {isa = PBXBuildFile; fileRef = 3E4AFA8120390DB700E26791 /* HomeViewController.swift */; };
		3E4AFA8420390DB700E26791 /* SecondViewController.swift in Sources */ = {isa = PBXBuildFile; fileRef = 3E4AFA8320390DB700E26791 /* SecondViewController.swift */; };
		3E4AFA8720390DB700E26791 /* Main.storyboard in Resources */ = {isa = PBXBuildFile; fileRef = 3E4AFA8520390DB700E26791 /* Main.storyboard */; };
		3E4AFA8920390DB700E26791 /* Assets.xcassets in Resources */ = {isa = PBXBuildFile; fileRef = 3E4AFA8820390DB700E26791 /* Assets.xcassets */; };
		3E4AFA8C20390DB700E26791 /* LaunchScreen.storyboard in Resources */ = {isa = PBXBuildFile; fileRef = 3E4AFA8A20390DB700E26791 /* LaunchScreen.storyboard */; };
		3E4AFA9720390DB700E26791 /* middayTests.swift in Sources */ = {isa = PBXBuildFile; fileRef = 3E4AFA9620390DB700E26791 /* middayTests.swift */; };
		3E4AFAA220390DB700E26791 /* middayUITests.swift in Sources */ = {isa = PBXBuildFile; fileRef = 3E4AFAA120390DB700E26791 /* middayUITests.swift */; };
		3E725D9E20DF0B570015A7C2 /* FeedTableViewCell.swift in Sources */ = {isa = PBXBuildFile; fileRef = 3E725D9D20DF0B570015A7C2 /* FeedTableViewCell.swift */; };
		3E725DA020DF1FF70015A7C2 /* UserLoadProfileImageMiddleware.swift in Sources */ = {isa = PBXBuildFile; fileRef = 3E725D9F20DF1FF70015A7C2 /* UserLoadProfileImageMiddleware.swift */; };
		3E7CEE0A207056610082B935 /* LoginViewController.swift in Sources */ = {isa = PBXBuildFile; fileRef = 3E7CEE09207056610082B935 /* LoginViewController.swift */; };
		3EC670FD2071C43F000E9F00 /* CommunitiesViewController.swift in Sources */ = {isa = PBXBuildFile; fileRef = 3EC670FC2071C43F000E9F00 /* CommunitiesViewController.swift */; };
		3EFD91F32074454B00581281 /* CommunityTableViewCell.swift in Sources */ = {isa = PBXBuildFile; fileRef = 3EFD91F22074454B00581281 /* CommunityTableViewCell.swift */; };
		3EFD91F52076CC8000581281 /* Community.swift in Sources */ = {isa = PBXBuildFile; fileRef = 3EFD91F42076CC8000581281 /* Community.swift */; };
		3EFD91F72076D19200581281 /* CommunityTableView.swift in Sources */ = {isa = PBXBuildFile; fileRef = 3EFD91F62076D19200581281 /* CommunityTableView.swift */; };
		3EFD91F9207B011400581281 /* AvatarImageView.swift in Sources */ = {isa = PBXBuildFile; fileRef = 3EFD91F8207B011400581281 /* AvatarImageView.swift */; };
		3EFD91FB207C499000581281 /* CommunityViewController.swift in Sources */ = {isa = PBXBuildFile; fileRef = 3EFD91FA207C499000581281 /* CommunityViewController.swift */; };
		3EFD9203207EE3AF00581281 /* CommunityDetailsViewController.swift in Sources */ = {isa = PBXBuildFile; fileRef = 3EFD9202207EE3AF00581281 /* CommunityDetailsViewController.swift */; };
		3EFD92052087FAAD00581281 /* FeedItem.swift in Sources */ = {isa = PBXBuildFile; fileRef = 3EFD92042087FAAD00581281 /* FeedItem.swift */; };
		3EFD9208209289CD00581281 /* AppState.swift in Sources */ = {isa = PBXBuildFile; fileRef = 3EFD9207209289CD00581281 /* AppState.swift */; };
		3EFD920C20928BA200581281 /* Store.swift in Sources */ = {isa = PBXBuildFile; fileRef = 3EFD920B20928BA200581281 /* Store.swift */; };
		3EFD920F20928FFC00581281 /* CommunityActions.swift in Sources */ = {isa = PBXBuildFile; fileRef = 3EFD920E20928FFC00581281 /* CommunityActions.swift */; };
		3EFD92122092ADE900581281 /* CommunitiesFetcher.swift in Sources */ = {isa = PBXBuildFile; fileRef = 3EFD92112092ADE900581281 /* CommunitiesFetcher.swift */; };
		3EFD9215209501B100581281 /* UserFetcher.swift in Sources */ = {isa = PBXBuildFile; fileRef = 3EFD9214209501B100581281 /* UserFetcher.swift */; };
		3EFD92172095028F00581281 /* User.swift in Sources */ = {isa = PBXBuildFile; fileRef = 3EFD92162095028F00581281 /* User.swift */; };
		3EFD92192095370C00581281 /* UserActions.swift in Sources */ = {isa = PBXBuildFile; fileRef = 3EFD92182095370C00581281 /* UserActions.swift */; };
		3EFD921B209A665C00581281 /* Reducer.swift in Sources */ = {isa = PBXBuildFile; fileRef = 3EFD921A209A665C00581281 /* Reducer.swift */; };
		3EFD921E209A6CE400581281 /* UserMiddleware.swift in Sources */ = {isa = PBXBuildFile; fileRef = 3EFD921D209A6CE400581281 /* UserMiddleware.swift */; };
		3EFD9220209A967E00581281 /* UserLoadBookMarksMiddleware.swift in Sources */ = {isa = PBXBuildFile; fileRef = 3EFD921F209A967E00581281 /* UserLoadBookMarksMiddleware.swift */; };
		3EFD9222209FC15300581281 /* FeedFetcher.swift in Sources */ = {isa = PBXBuildFile; fileRef = 3EFD9221209FC15300581281 /* FeedFetcher.swift */; };
		C5E1640A4CEB3B531EF1FC31 /* Pods_middayTests.framework in Frameworks */ = {isa = PBXBuildFile; fileRef = 02ED33D5DD0EEBA8A237A200 /* Pods_middayTests.framework */; };
		E8BF288D45969F51C39C7509 /* Pods_middayUITests.framework in Frameworks */ = {isa = PBXBuildFile; fileRef = 9D15D6DDFD5D4B1A7655A3CB /* Pods_middayUITests.framework */; };
/* End PBXBuildFile section */

/* Begin PBXContainerItemProxy section */
		3E4AFA9320390DB700E26791 /* PBXContainerItemProxy */ = {
			isa = PBXContainerItemProxy;
			containerPortal = 3E4AFA7420390DB700E26791 /* Project object */;
			proxyType = 1;
			remoteGlobalIDString = 3E4AFA7B20390DB700E26791;
			remoteInfo = midday;
		};
		3E4AFA9E20390DB700E26791 /* PBXContainerItemProxy */ = {
			isa = PBXContainerItemProxy;
			containerPortal = 3E4AFA7420390DB700E26791 /* Project object */;
			proxyType = 1;
			remoteGlobalIDString = 3E4AFA7B20390DB700E26791;
			remoteInfo = midday;
		};
/* End PBXContainerItemProxy section */

/* Begin PBXFileReference section */
		02ED33D5DD0EEBA8A237A200 /* Pods_middayTests.framework */ = {isa = PBXFileReference; explicitFileType = wrapper.framework; includeInIndex = 0; path = Pods_middayTests.framework; sourceTree = BUILT_PRODUCTS_DIR; };
		288B2C62F185006407F7564A /* Pods-middayTests.release.xcconfig */ = {isa = PBXFileReference; includeInIndex = 1; lastKnownFileType = text.xcconfig; name = "Pods-middayTests.release.xcconfig"; path = "Pods/Target Support Files/Pods-middayTests/Pods-middayTests.release.xcconfig"; sourceTree = "<group>"; };
		3E040F3320AA44FA000801EF /* ProfileTableViewController.swift */ = {isa = PBXFileReference; lastKnownFileType = sourcecode.swift; path = ProfileTableViewController.swift; sourceTree = "<group>"; };
		3E0CEB44207040E10016DD39 /* GoogleService-Info.plist */ = {isa = PBXFileReference; fileEncoding = 4; lastKnownFileType = text.plist.xml; path = "GoogleService-Info.plist"; sourceTree = "<group>"; };
		3E0CEB4B207043A60016DD39 /* en */ = {isa = PBXFileReference; lastKnownFileType = text.plist.strings; name = en; path = en.lproj/Main.strings; sourceTree = "<group>"; };
		3E4AFA7C20390DB700E26791 /* midday.app */ = {isa = PBXFileReference; explicitFileType = wrapper.application; includeInIndex = 0; path = midday.app; sourceTree = BUILT_PRODUCTS_DIR; };
		3E4AFA7F20390DB700E26791 /* AppDelegate.swift */ = {isa = PBXFileReference; lastKnownFileType = sourcecode.swift; path = AppDelegate.swift; sourceTree = "<group>"; };
		3E4AFA8120390DB700E26791 /* HomeViewController.swift */ = {isa = PBXFileReference; lastKnownFileType = sourcecode.swift; path = HomeViewController.swift; sourceTree = "<group>"; };
		3E4AFA8320390DB700E26791 /* SecondViewController.swift */ = {isa = PBXFileReference; lastKnownFileType = sourcecode.swift; path = SecondViewController.swift; sourceTree = "<group>"; };
		3E4AFA8620390DB700E26791 /* Base */ = {isa = PBXFileReference; lastKnownFileType = file.storyboard; name = Base; path = Base.lproj/Main.storyboard; sourceTree = "<group>"; };
		3E4AFA8820390DB700E26791 /* Assets.xcassets */ = {isa = PBXFileReference; lastKnownFileType = folder.assetcatalog; path = Assets.xcassets; sourceTree = "<group>"; };
		3E4AFA8B20390DB700E26791 /* Base */ = {isa = PBXFileReference; lastKnownFileType = file.storyboard; name = Base; path = Base.lproj/LaunchScreen.storyboard; sourceTree = "<group>"; };
		3E4AFA8D20390DB700E26791 /* Info.plist */ = {isa = PBXFileReference; lastKnownFileType = text.plist.xml; path = Info.plist; sourceTree = "<group>"; };
		3E4AFA9220390DB700E26791 /* middayTests.xctest */ = {isa = PBXFileReference; explicitFileType = wrapper.cfbundle; includeInIndex = 0; path = middayTests.xctest; sourceTree = BUILT_PRODUCTS_DIR; };
		3E4AFA9620390DB700E26791 /* middayTests.swift */ = {isa = PBXFileReference; lastKnownFileType = sourcecode.swift; path = middayTests.swift; sourceTree = "<group>"; };
		3E4AFA9820390DB700E26791 /* Info.plist */ = {isa = PBXFileReference; lastKnownFileType = text.plist.xml; path = Info.plist; sourceTree = "<group>"; };
		3E4AFA9D20390DB700E26791 /* middayUITests.xctest */ = {isa = PBXFileReference; explicitFileType = wrapper.cfbundle; includeInIndex = 0; path = middayUITests.xctest; sourceTree = BUILT_PRODUCTS_DIR; };
		3E4AFAA120390DB700E26791 /* middayUITests.swift */ = {isa = PBXFileReference; lastKnownFileType = sourcecode.swift; path = middayUITests.swift; sourceTree = "<group>"; };
		3E4AFAA320390DB700E26791 /* Info.plist */ = {isa = PBXFileReference; lastKnownFileType = text.plist.xml; path = Info.plist; sourceTree = "<group>"; };
		3E725D9D20DF0B570015A7C2 /* FeedTableViewCell.swift */ = {isa = PBXFileReference; lastKnownFileType = sourcecode.swift; path = FeedTableViewCell.swift; sourceTree = "<group>"; };
		3E725D9F20DF1FF70015A7C2 /* UserLoadProfileImageMiddleware.swift */ = {isa = PBXFileReference; lastKnownFileType = sourcecode.swift; path = UserLoadProfileImageMiddleware.swift; sourceTree = "<group>"; };
		3E7CEE09207056610082B935 /* LoginViewController.swift */ = {isa = PBXFileReference; lastKnownFileType = sourcecode.swift; path = LoginViewController.swift; sourceTree = "<group>"; };
		3EC670FC2071C43F000E9F00 /* CommunitiesViewController.swift */ = {isa = PBXFileReference; lastKnownFileType = sourcecode.swift; path = CommunitiesViewController.swift; sourceTree = "<group>"; };
		3EFD91F22074454B00581281 /* CommunityTableViewCell.swift */ = {isa = PBXFileReference; lastKnownFileType = sourcecode.swift; path = CommunityTableViewCell.swift; sourceTree = "<group>"; };
		3EFD91F42076CC8000581281 /* Community.swift */ = {isa = PBXFileReference; lastKnownFileType = sourcecode.swift; path = Community.swift; sourceTree = "<group>"; };
		3EFD91F62076D19200581281 /* CommunityTableView.swift */ = {isa = PBXFileReference; lastKnownFileType = sourcecode.swift; path = CommunityTableView.swift; sourceTree = "<group>"; };
		3EFD91F8207B011400581281 /* AvatarImageView.swift */ = {isa = PBXFileReference; lastKnownFileType = sourcecode.swift; path = AvatarImageView.swift; sourceTree = "<group>"; };
		3EFD91FA207C499000581281 /* CommunityViewController.swift */ = {isa = PBXFileReference; lastKnownFileType = sourcecode.swift; path = CommunityViewController.swift; sourceTree = "<group>"; };
		3EFD9202207EE3AF00581281 /* CommunityDetailsViewController.swift */ = {isa = PBXFileReference; lastKnownFileType = sourcecode.swift; path = CommunityDetailsViewController.swift; sourceTree = "<group>"; };
		3EFD92042087FAAD00581281 /* FeedItem.swift */ = {isa = PBXFileReference; lastKnownFileType = sourcecode.swift; path = FeedItem.swift; sourceTree = "<group>"; };
		3EFD9207209289CD00581281 /* AppState.swift */ = {isa = PBXFileReference; lastKnownFileType = sourcecode.swift; path = AppState.swift; sourceTree = "<group>"; };
		3EFD920B20928BA200581281 /* Store.swift */ = {isa = PBXFileReference; lastKnownFileType = sourcecode.swift; path = Store.swift; sourceTree = "<group>"; };
		3EFD920E20928FFC00581281 /* CommunityActions.swift */ = {isa = PBXFileReference; lastKnownFileType = sourcecode.swift; path = CommunityActions.swift; sourceTree = "<group>"; };
		3EFD92112092ADE900581281 /* CommunitiesFetcher.swift */ = {isa = PBXFileReference; lastKnownFileType = sourcecode.swift; path = CommunitiesFetcher.swift; sourceTree = "<group>"; };
		3EFD9214209501B100581281 /* UserFetcher.swift */ = {isa = PBXFileReference; lastKnownFileType = sourcecode.swift; path = UserFetcher.swift; sourceTree = "<group>"; };
		3EFD92162095028F00581281 /* User.swift */ = {isa = PBXFileReference; lastKnownFileType = sourcecode.swift; path = User.swift; sourceTree = "<group>"; };
		3EFD92182095370C00581281 /* UserActions.swift */ = {isa = PBXFileReference; lastKnownFileType = sourcecode.swift; path = UserActions.swift; sourceTree = "<group>"; };
		3EFD921A209A665C00581281 /* Reducer.swift */ = {isa = PBXFileReference; lastKnownFileType = sourcecode.swift; path = Reducer.swift; sourceTree = "<group>"; };
		3EFD921D209A6CE400581281 /* UserMiddleware.swift */ = {isa = PBXFileReference; lastKnownFileType = sourcecode.swift; path = UserMiddleware.swift; sourceTree = "<group>"; };
		3EFD921F209A967E00581281 /* UserLoadBookMarksMiddleware.swift */ = {isa = PBXFileReference; lastKnownFileType = sourcecode.swift; path = UserLoadBookMarksMiddleware.swift; sourceTree = "<group>"; };
		3EFD9221209FC15300581281 /* FeedFetcher.swift */ = {isa = PBXFileReference; lastKnownFileType = sourcecode.swift; path = FeedFetcher.swift; sourceTree = "<group>"; };
		47FB3D622D184427023C60D0 /* Pods_midday.framework */ = {isa = PBXFileReference; explicitFileType = wrapper.framework; includeInIndex = 0; path = Pods_midday.framework; sourceTree = BUILT_PRODUCTS_DIR; };
		7EE7ECD85153BF31D4651F80 /* Pods-midday.release.xcconfig */ = {isa = PBXFileReference; includeInIndex = 1; lastKnownFileType = text.xcconfig; name = "Pods-midday.release.xcconfig"; path = "Pods/Target Support Files/Pods-midday/Pods-midday.release.xcconfig"; sourceTree = "<group>"; };
		84412540D57A6E2B811CF873 /* Pods-middayTests.debug.xcconfig */ = {isa = PBXFileReference; includeInIndex = 1; lastKnownFileType = text.xcconfig; name = "Pods-middayTests.debug.xcconfig"; path = "Pods/Target Support Files/Pods-middayTests/Pods-middayTests.debug.xcconfig"; sourceTree = "<group>"; };
		9D15D6DDFD5D4B1A7655A3CB /* Pods_middayUITests.framework */ = {isa = PBXFileReference; explicitFileType = wrapper.framework; includeInIndex = 0; path = Pods_middayUITests.framework; sourceTree = BUILT_PRODUCTS_DIR; };
		ACED3D424C50F942E1AC8C25 /* Pods-middayUITests.release.xcconfig */ = {isa = PBXFileReference; includeInIndex = 1; lastKnownFileType = text.xcconfig; name = "Pods-middayUITests.release.xcconfig"; path = "Pods/Target Support Files/Pods-middayUITests/Pods-middayUITests.release.xcconfig"; sourceTree = "<group>"; };
		EE16F181B130F52C080C1999 /* Pods-midday.debug.xcconfig */ = {isa = PBXFileReference; includeInIndex = 1; lastKnownFileType = text.xcconfig; name = "Pods-midday.debug.xcconfig"; path = "Pods/Target Support Files/Pods-midday/Pods-midday.debug.xcconfig"; sourceTree = "<group>"; };
		FCB765E2DA8EBC1BE7281F65 /* Pods-middayUITests.debug.xcconfig */ = {isa = PBXFileReference; includeInIndex = 1; lastKnownFileType = text.xcconfig; name = "Pods-middayUITests.debug.xcconfig"; path = "Pods/Target Support Files/Pods-middayUITests/Pods-middayUITests.debug.xcconfig"; sourceTree = "<group>"; };
/* End PBXFileReference section */

/* Begin PBXFrameworksBuildPhase section */
		3E4AFA7920390DB700E26791 /* Frameworks */ = {
			isa = PBXFrameworksBuildPhase;
			buildActionMask = 2147483647;
			files = (
				0DA9E82E03E5500DFE5FECBD /* Pods_midday.framework in Frameworks */,
			);
			runOnlyForDeploymentPostprocessing = 0;
		};
		3E4AFA8F20390DB700E26791 /* Frameworks */ = {
			isa = PBXFrameworksBuildPhase;
			buildActionMask = 2147483647;
			files = (
				C5E1640A4CEB3B531EF1FC31 /* Pods_middayTests.framework in Frameworks */,
			);
			runOnlyForDeploymentPostprocessing = 0;
		};
		3E4AFA9A20390DB700E26791 /* Frameworks */ = {
			isa = PBXFrameworksBuildPhase;
			buildActionMask = 2147483647;
			files = (
				E8BF288D45969F51C39C7509 /* Pods_middayUITests.framework in Frameworks */,
			);
			runOnlyForDeploymentPostprocessing = 0;
		};
/* End PBXFrameworksBuildPhase section */

/* Begin PBXGroup section */
		3E040F3220AA44D7000801EF /* Profile */ = {
			isa = PBXGroup;
			children = (
				3E040F3320AA44FA000801EF /* ProfileTableViewController.swift */,
			);
			path = Profile;
			sourceTree = "<group>";
		};
		3E4AFA7320390DB700E26791 = {
			isa = PBXGroup;
			children = (
				3E4AFA7E20390DB700E26791 /* midday */,
				3E4AFA9520390DB700E26791 /* middayTests */,
				3E4AFAA020390DB700E26791 /* middayUITests */,
				3E4AFA7D20390DB700E26791 /* Products */,
				A0BFB6649279F8FE2E31A523 /* Pods */,
				DA84D536AC4891BD12370A98 /* Frameworks */,
			);
			sourceTree = "<group>";
		};
		3E4AFA7D20390DB700E26791 /* Products */ = {
			isa = PBXGroup;
			children = (
				3E4AFA7C20390DB700E26791 /* midday.app */,
				3E4AFA9220390DB700E26791 /* middayTests.xctest */,
				3E4AFA9D20390DB700E26791 /* middayUITests.xctest */,
			);
			name = Products;
			sourceTree = "<group>";
		};
		3E4AFA7E20390DB700E26791 /* midday */ = {
			isa = PBXGroup;
			children = (
				3E040F3220AA44D7000801EF /* Profile */,
				3EFD92102092ADAC00581281 /* FirebaseFetchers */,
				3EFD9206209289B000581281 /* Store */,
				3EFD9201207EE36F00581281 /* CommunityDetails */,
				3EFD9200207C4AE200581281 /* Login */,
				3EFD91FF207C4AC100581281 /* Community */,
				3EFD91FE207C4A9100581281 /* Home */,
				3EFD91FC207C49B300581281 /* Communities */,
				3E0CEB44207040E10016DD39 /* GoogleService-Info.plist */,
				3E4AFA7F20390DB700E26791 /* AppDelegate.swift */,
				3E4AFA8320390DB700E26791 /* SecondViewController.swift */,
				3E4AFA8520390DB700E26791 /* Main.storyboard */,
				3E4AFA8820390DB700E26791 /* Assets.xcassets */,
				3E4AFA8A20390DB700E26791 /* LaunchScreen.storyboard */,
				3E4AFA8D20390DB700E26791 /* Info.plist */,
			);
			path = midday;
			sourceTree = "<group>";
		};
		3E4AFA9520390DB700E26791 /* middayTests */ = {
			isa = PBXGroup;
			children = (
				3E4AFA9620390DB700E26791 /* middayTests.swift */,
				3E4AFA9820390DB700E26791 /* Info.plist */,
			);
			path = middayTests;
			sourceTree = "<group>";
		};
		3E4AFAA020390DB700E26791 /* middayUITests */ = {
			isa = PBXGroup;
			children = (
				3E4AFAA120390DB700E26791 /* middayUITests.swift */,
				3E4AFAA320390DB700E26791 /* Info.plist */,
			);
			path = middayUITests;
			sourceTree = "<group>";
		};
		3EFD91FC207C49B300581281 /* Communities */ = {
			isa = PBXGroup;
			children = (
				3EFD91F8207B011400581281 /* AvatarImageView.swift */,
				3EFD91F22074454B00581281 /* CommunityTableViewCell.swift */,
				3EFD91F62076D19200581281 /* CommunityTableView.swift */,
				3EC670FC2071C43F000E9F00 /* CommunitiesViewController.swift */,
			);
			path = Communities;
			sourceTree = "<group>";
		};
		3EFD91FE207C4A9100581281 /* Home */ = {
			isa = PBXGroup;
			children = (
				3E4AFA8120390DB700E26791 /* HomeViewController.swift */,
			);
			path = Home;
			sourceTree = "<group>";
		};
		3EFD91FF207C4AC100581281 /* Community */ = {
			isa = PBXGroup;
			children = (
				3EFD91FA207C499000581281 /* CommunityViewController.swift */,
				3E725D9D20DF0B570015A7C2 /* FeedTableViewCell.swift */,
			);
			path = Community;
			sourceTree = "<group>";
		};
		3EFD9200207C4AE200581281 /* Login */ = {
			isa = PBXGroup;
			children = (
				3E7CEE09207056610082B935 /* LoginViewController.swift */,
			);
			path = Login;
			sourceTree = "<group>";
		};
		3EFD9201207EE36F00581281 /* CommunityDetails */ = {
			isa = PBXGroup;
			children = (
				3EFD9202207EE3AF00581281 /* CommunityDetailsViewController.swift */,
			);
			path = CommunityDetails;
			sourceTree = "<group>";
		};
		3EFD9206209289B000581281 /* Store */ = {
			isa = PBXGroup;
			children = (
				3EFD921C209A6CD400581281 /* Middleware */,
				3EFD92132094CD0700581281 /* Models */,
				3EFD920D20928FA600581281 /* Actions */,
				3EFD9207209289CD00581281 /* AppState.swift */,
				3EFD920B20928BA200581281 /* Store.swift */,
				3EFD921A209A665C00581281 /* Reducer.swift */,
			);
			path = Store;
			sourceTree = "<group>";
		};
		3EFD920D20928FA600581281 /* Actions */ = {
			isa = PBXGroup;
			children = (
				3EFD920E20928FFC00581281 /* CommunityActions.swift */,
				3EFD92182095370C00581281 /* UserActions.swift */,
			);
			path = Actions;
			sourceTree = "<group>";
		};
		3EFD92102092ADAC00581281 /* FirebaseFetchers */ = {
			isa = PBXGroup;
			children = (
				3EFD92112092ADE900581281 /* CommunitiesFetcher.swift */,
				3EFD9214209501B100581281 /* UserFetcher.swift */,
				3EFD9221209FC15300581281 /* FeedFetcher.swift */,
			);
			path = FirebaseFetchers;
			sourceTree = "<group>";
		};
		3EFD92132094CD0700581281 /* Models */ = {
			isa = PBXGroup;
			children = (
				3EFD91F42076CC8000581281 /* Community.swift */,
				3EFD92042087FAAD00581281 /* FeedItem.swift */,
				3EFD92162095028F00581281 /* User.swift */,
			);
			path = Models;
			sourceTree = "<group>";
		};
		3EFD921C209A6CD400581281 /* Middleware */ = {
			isa = PBXGroup;
			children = (
				3EFD921D209A6CE400581281 /* UserMiddleware.swift */,
				3EFD921F209A967E00581281 /* UserLoadBookMarksMiddleware.swift */,
				3E725D9F20DF1FF70015A7C2 /* UserLoadProfileImageMiddleware.swift */,
			);
			path = Middleware;
			sourceTree = "<group>";
		};
		A0BFB6649279F8FE2E31A523 /* Pods */ = {
			isa = PBXGroup;
			children = (
				EE16F181B130F52C080C1999 /* Pods-midday.debug.xcconfig */,
				7EE7ECD85153BF31D4651F80 /* Pods-midday.release.xcconfig */,
				84412540D57A6E2B811CF873 /* Pods-middayTests.debug.xcconfig */,
				288B2C62F185006407F7564A /* Pods-middayTests.release.xcconfig */,
				FCB765E2DA8EBC1BE7281F65 /* Pods-middayUITests.debug.xcconfig */,
				ACED3D424C50F942E1AC8C25 /* Pods-middayUITests.release.xcconfig */,
			);
			name = Pods;
			sourceTree = "<group>";
		};
		DA84D536AC4891BD12370A98 /* Frameworks */ = {
			isa = PBXGroup;
			children = (
				47FB3D622D184427023C60D0 /* Pods_midday.framework */,
				02ED33D5DD0EEBA8A237A200 /* Pods_middayTests.framework */,
				9D15D6DDFD5D4B1A7655A3CB /* Pods_middayUITests.framework */,
			);
			name = Frameworks;
			sourceTree = "<group>";
		};
/* End PBXGroup section */

/* Begin PBXNativeTarget section */
		3E4AFA7B20390DB700E26791 /* midday */ = {
			isa = PBXNativeTarget;
			buildConfigurationList = 3E4AFAA620390DB700E26791 /* Build configuration list for PBXNativeTarget "midday" */;
			buildPhases = (
				0EA592B26E3455050FF8EC36 /* [CP] Check Pods Manifest.lock */,
				3E4AFA7820390DB700E26791 /* Sources */,
				3E4AFA7920390DB700E26791 /* Frameworks */,
				3E4AFA7A20390DB700E26791 /* Resources */,
				73A288B7A8E4221FB6DF1EA7 /* [CP] Embed Pods Frameworks */,
				10A1BA04AC401F17BA680DC1 /* [CP] Copy Pods Resources */,
			);
			buildRules = (
			);
			dependencies = (
			);
			name = midday;
			productName = midday;
			productReference = 3E4AFA7C20390DB700E26791 /* midday.app */;
			productType = "com.apple.product-type.application";
		};
		3E4AFA9120390DB700E26791 /* middayTests */ = {
			isa = PBXNativeTarget;
			buildConfigurationList = 3E4AFAA920390DB700E26791 /* Build configuration list for PBXNativeTarget "middayTests" */;
			buildPhases = (
				DA6E24208C1244BC1F899B8C /* [CP] Check Pods Manifest.lock */,
				3E4AFA8E20390DB700E26791 /* Sources */,
				3E4AFA8F20390DB700E26791 /* Frameworks */,
				3E4AFA9020390DB700E26791 /* Resources */,
			);
			buildRules = (
			);
			dependencies = (
				3E4AFA9420390DB700E26791 /* PBXTargetDependency */,
			);
			name = middayTests;
			productName = middayTests;
			productReference = 3E4AFA9220390DB700E26791 /* middayTests.xctest */;
			productType = "com.apple.product-type.bundle.unit-test";
		};
		3E4AFA9C20390DB700E26791 /* middayUITests */ = {
			isa = PBXNativeTarget;
			buildConfigurationList = 3E4AFAAC20390DB700E26791 /* Build configuration list for PBXNativeTarget "middayUITests" */;
			buildPhases = (
				ED1D92F6923ED61794163E87 /* [CP] Check Pods Manifest.lock */,
				3E4AFA9920390DB700E26791 /* Sources */,
				3E4AFA9A20390DB700E26791 /* Frameworks */,
				3E4AFA9B20390DB700E26791 /* Resources */,
			);
			buildRules = (
			);
			dependencies = (
				3E4AFA9F20390DB700E26791 /* PBXTargetDependency */,
			);
			name = middayUITests;
			productName = middayUITests;
			productReference = 3E4AFA9D20390DB700E26791 /* middayUITests.xctest */;
			productType = "com.apple.product-type.bundle.ui-testing";
		};
/* End PBXNativeTarget section */

/* Begin PBXProject section */
		3E4AFA7420390DB700E26791 /* Project object */ = {
			isa = PBXProject;
			attributes = {
				LastSwiftUpdateCheck = 0920;
				LastUpgradeCheck = 0920;
				ORGANIZATIONNAME = Dolan;
				TargetAttributes = {
					3E4AFA7B20390DB700E26791 = {
						CreatedOnToolsVersion = 9.2;
						ProvisioningStyle = Automatic;
					};
					3E4AFA9120390DB700E26791 = {
						CreatedOnToolsVersion = 9.2;
						ProvisioningStyle = Automatic;
						TestTargetID = 3E4AFA7B20390DB700E26791;
					};
					3E4AFA9C20390DB700E26791 = {
						CreatedOnToolsVersion = 9.2;
						ProvisioningStyle = Automatic;
						TestTargetID = 3E4AFA7B20390DB700E26791;
					};
				};
			};
			buildConfigurationList = 3E4AFA7720390DB700E26791 /* Build configuration list for PBXProject "midday" */;
			compatibilityVersion = "Xcode 8.0";
			developmentRegion = en;
			hasScannedForEncodings = 0;
			knownRegions = (
				en,
				Base,
			);
			mainGroup = 3E4AFA7320390DB700E26791;
			productRefGroup = 3E4AFA7D20390DB700E26791 /* Products */;
			projectDirPath = "";
			projectRoot = "";
			targets = (
				3E4AFA7B20390DB700E26791 /* midday */,
				3E4AFA9120390DB700E26791 /* middayTests */,
				3E4AFA9C20390DB700E26791 /* middayUITests */,
			);
		};
/* End PBXProject section */

/* Begin PBXResourcesBuildPhase section */
		3E4AFA7A20390DB700E26791 /* Resources */ = {
			isa = PBXResourcesBuildPhase;
			buildActionMask = 2147483647;
			files = (
				3E4AFA8C20390DB700E26791 /* LaunchScreen.storyboard in Resources */,
				3E0CEB45207040E10016DD39 /* GoogleService-Info.plist in Resources */,
				3E4AFA8920390DB700E26791 /* Assets.xcassets in Resources */,
				3E4AFA8720390DB700E26791 /* Main.storyboard in Resources */,
			);
			runOnlyForDeploymentPostprocessing = 0;
		};
		3E4AFA9020390DB700E26791 /* Resources */ = {
			isa = PBXResourcesBuildPhase;
			buildActionMask = 2147483647;
			files = (
				3E0CEB46207040E20016DD39 /* GoogleService-Info.plist in Resources */,
			);
			runOnlyForDeploymentPostprocessing = 0;
		};
		3E4AFA9B20390DB700E26791 /* Resources */ = {
			isa = PBXResourcesBuildPhase;
			buildActionMask = 2147483647;
			files = (
				3E0CEB47207040E20016DD39 /* GoogleService-Info.plist in Resources */,
			);
			runOnlyForDeploymentPostprocessing = 0;
		};
/* End PBXResourcesBuildPhase section */

/* Begin PBXShellScriptBuildPhase section */
		0EA592B26E3455050FF8EC36 /* [CP] Check Pods Manifest.lock */ = {
			isa = PBXShellScriptBuildPhase;
			buildActionMask = 2147483647;
			files = (
			);
			inputPaths = (
				"${PODS_PODFILE_DIR_PATH}/Podfile.lock",
				"${PODS_ROOT}/Manifest.lock",
			);
			name = "[CP] Check Pods Manifest.lock";
			outputPaths = (
				"$(DERIVED_FILE_DIR)/Pods-midday-checkManifestLockResult.txt",
			);
			runOnlyForDeploymentPostprocessing = 0;
			shellPath = /bin/sh;
			shellScript = "diff \"${PODS_PODFILE_DIR_PATH}/Podfile.lock\" \"${PODS_ROOT}/Manifest.lock\" > /dev/null\nif [ $? != 0 ] ; then\n    # print error to STDERR\n    echo \"error: The sandbox is not in sync with the Podfile.lock. Run 'pod install' or update your CocoaPods installation.\" >&2\n    exit 1\nfi\n# This output is used by Xcode 'outputs' to avoid re-running this script phase.\necho \"SUCCESS\" > \"${SCRIPT_OUTPUT_FILE_0}\"\n";
			showEnvVarsInLog = 0;
		};
		10A1BA04AC401F17BA680DC1 /* [CP] Copy Pods Resources */ = {
			isa = PBXShellScriptBuildPhase;
			buildActionMask = 2147483647;
			files = (
			);
			inputPaths = (
				"${SRCROOT}/Pods/Target Support Files/Pods-midday/Pods-midday-resources.sh",
				"${PODS_CONFIGURATION_BUILD_DIR}/FirebaseUI/FirebaseAuthUI.bundle",
				"${PODS_CONFIGURATION_BUILD_DIR}/FirebaseUI/FirebaseFacebookAuthUI.bundle",
				"${PODS_CONFIGURATION_BUILD_DIR}/FirebaseUI/FirebaseGoogleAuthUI.bundle",
				"${PODS_CONFIGURATION_BUILD_DIR}/FirebaseUI/FirebasePhoneAuthUI.bundle",
				"${PODS_CONFIGURATION_BUILD_DIR}/FirebaseUI/FirebaseTwitterAuthUI.bundle",
				"${PODS_ROOT}/GoogleSignIn/Resources/GoogleSignIn.bundle",
				"${PODS_ROOT}/TwitterKit/iOS/TwitterKit.framework/TwitterKitResources.bundle",
				"${PODS_ROOT}/TwitterKit/iOS/TwitterKit.framework/TwitterShareExtensionUIResources.bundle",
			);
			name = "[CP] Copy Pods Resources";
			outputPaths = (
				"${TARGET_BUILD_DIR}/${UNLOCALIZED_RESOURCES_FOLDER_PATH}/FirebaseAuthUI.bundle",
				"${TARGET_BUILD_DIR}/${UNLOCALIZED_RESOURCES_FOLDER_PATH}/FirebaseFacebookAuthUI.bundle",
				"${TARGET_BUILD_DIR}/${UNLOCALIZED_RESOURCES_FOLDER_PATH}/FirebaseGoogleAuthUI.bundle",
				"${TARGET_BUILD_DIR}/${UNLOCALIZED_RESOURCES_FOLDER_PATH}/FirebasePhoneAuthUI.bundle",
				"${TARGET_BUILD_DIR}/${UNLOCALIZED_RESOURCES_FOLDER_PATH}/FirebaseTwitterAuthUI.bundle",
				"${TARGET_BUILD_DIR}/${UNLOCALIZED_RESOURCES_FOLDER_PATH}/GoogleSignIn.bundle",
				"${TARGET_BUILD_DIR}/${UNLOCALIZED_RESOURCES_FOLDER_PATH}/TwitterKitResources.bundle",
				"${TARGET_BUILD_DIR}/${UNLOCALIZED_RESOURCES_FOLDER_PATH}/TwitterShareExtensionUIResources.bundle",
			);
			runOnlyForDeploymentPostprocessing = 0;
			shellPath = /bin/sh;
			shellScript = "\"${SRCROOT}/Pods/Target Support Files/Pods-midday/Pods-midday-resources.sh\"\n";
			showEnvVarsInLog = 0;
		};
		73A288B7A8E4221FB6DF1EA7 /* [CP] Embed Pods Frameworks */ = {
			isa = PBXShellScriptBuildPhase;
			buildActionMask = 2147483647;
			files = (
			);
			inputPaths = (
				"${SRCROOT}/Pods/Target Support Files/Pods-midday/Pods-midday-frameworks.sh",
				"${BUILT_PRODUCTS_DIR}/AvatarImageView/AvatarImageView.framework",
				"${BUILT_PRODUCTS_DIR}/Bolts/Bolts.framework",
				"${BUILT_PRODUCTS_DIR}/BoringSSL/openssl.framework",
				"${BUILT_PRODUCTS_DIR}/FBSDKCoreKit/FBSDKCoreKit.framework",
				"${BUILT_PRODUCTS_DIR}/FBSDKLoginKit/FBSDKLoginKit.framework",
				"${BUILT_PRODUCTS_DIR}/FBSDKShareKit/FBSDKShareKit.framework",
				"${BUILT_PRODUCTS_DIR}/FacebookCore/FacebookCore.framework",
				"${BUILT_PRODUCTS_DIR}/FacebookLogin/FacebookLogin.framework",
				"${BUILT_PRODUCTS_DIR}/FacebookShare/FacebookShare.framework",
				"${BUILT_PRODUCTS_DIR}/GTMOAuth2/GTMOAuth2.framework",
				"${BUILT_PRODUCTS_DIR}/GTMSessionFetcher/GTMSessionFetcher.framework",
				"${BUILT_PRODUCTS_DIR}/GoogleToolboxForMac/GoogleToolboxForMac.framework",
				"${BUILT_PRODUCTS_DIR}/InitialsImageView/InitialsImageView.framework",
				"${BUILT_PRODUCTS_DIR}/Protobuf/Protobuf.framework",
				"${BUILT_PRODUCTS_DIR}/ReSwift/ReSwift.framework",
				"${BUILT_PRODUCTS_DIR}/SDWebImage/SDWebImage.framework",
				"${PODS_ROOT}/TwitterCore/iOS/TwitterCore.framework",
				"${PODS_ROOT}/TwitterKit/iOS/TwitterKit.framework",
				"${BUILT_PRODUCTS_DIR}/gRPC/GRPCClient.framework",
				"${BUILT_PRODUCTS_DIR}/gRPC-Core/grpc.framework",
				"${BUILT_PRODUCTS_DIR}/gRPC-ProtoRPC/ProtoRPC.framework",
				"${BUILT_PRODUCTS_DIR}/gRPC-RxLibrary/RxLibrary.framework",
				"${BUILT_PRODUCTS_DIR}/leveldb-library/leveldb.framework",
				"${BUILT_PRODUCTS_DIR}/nanopb/nanopb.framework",
			);
			name = "[CP] Embed Pods Frameworks";
			outputPaths = (
				"${TARGET_BUILD_DIR}/${FRAMEWORKS_FOLDER_PATH}/AvatarImageView.framework",
				"${TARGET_BUILD_DIR}/${FRAMEWORKS_FOLDER_PATH}/Bolts.framework",
				"${TARGET_BUILD_DIR}/${FRAMEWORKS_FOLDER_PATH}/openssl.framework",
				"${TARGET_BUILD_DIR}/${FRAMEWORKS_FOLDER_PATH}/FBSDKCoreKit.framework",
				"${TARGET_BUILD_DIR}/${FRAMEWORKS_FOLDER_PATH}/FBSDKLoginKit.framework",
				"${TARGET_BUILD_DIR}/${FRAMEWORKS_FOLDER_PATH}/FBSDKShareKit.framework",
				"${TARGET_BUILD_DIR}/${FRAMEWORKS_FOLDER_PATH}/FacebookCore.framework",
				"${TARGET_BUILD_DIR}/${FRAMEWORKS_FOLDER_PATH}/FacebookLogin.framework",
				"${TARGET_BUILD_DIR}/${FRAMEWORKS_FOLDER_PATH}/FacebookShare.framework",
				"${TARGET_BUILD_DIR}/${FRAMEWORKS_FOLDER_PATH}/GTMOAuth2.framework",
				"${TARGET_BUILD_DIR}/${FRAMEWORKS_FOLDER_PATH}/GTMSessionFetcher.framework",
				"${TARGET_BUILD_DIR}/${FRAMEWORKS_FOLDER_PATH}/GoogleToolboxForMac.framework",
				"${TARGET_BUILD_DIR}/${FRAMEWORKS_FOLDER_PATH}/InitialsImageView.framework",
				"${TARGET_BUILD_DIR}/${FRAMEWORKS_FOLDER_PATH}/Protobuf.framework",
				"${TARGET_BUILD_DIR}/${FRAMEWORKS_FOLDER_PATH}/ReSwift.framework",
				"${TARGET_BUILD_DIR}/${FRAMEWORKS_FOLDER_PATH}/SDWebImage.framework",
				"${TARGET_BUILD_DIR}/${FRAMEWORKS_FOLDER_PATH}/TwitterCore.framework",
				"${TARGET_BUILD_DIR}/${FRAMEWORKS_FOLDER_PATH}/TwitterKit.framework",
				"${TARGET_BUILD_DIR}/${FRAMEWORKS_FOLDER_PATH}/GRPCClient.framework",
				"${TARGET_BUILD_DIR}/${FRAMEWORKS_FOLDER_PATH}/grpc.framework",
				"${TARGET_BUILD_DIR}/${FRAMEWORKS_FOLDER_PATH}/ProtoRPC.framework",
				"${TARGET_BUILD_DIR}/${FRAMEWORKS_FOLDER_PATH}/RxLibrary.framework",
				"${TARGET_BUILD_DIR}/${FRAMEWORKS_FOLDER_PATH}/leveldb.framework",
				"${TARGET_BUILD_DIR}/${FRAMEWORKS_FOLDER_PATH}/nanopb.framework",
			);
			runOnlyForDeploymentPostprocessing = 0;
			shellPath = /bin/sh;
			shellScript = "\"${SRCROOT}/Pods/Target Support Files/Pods-midday/Pods-midday-frameworks.sh\"\n";
			showEnvVarsInLog = 0;
		};
		DA6E24208C1244BC1F899B8C /* [CP] Check Pods Manifest.lock */ = {
			isa = PBXShellScriptBuildPhase;
			buildActionMask = 2147483647;
			files = (
			);
			inputPaths = (
				"${PODS_PODFILE_DIR_PATH}/Podfile.lock",
				"${PODS_ROOT}/Manifest.lock",
			);
			name = "[CP] Check Pods Manifest.lock";
			outputPaths = (
				"$(DERIVED_FILE_DIR)/Pods-middayTests-checkManifestLockResult.txt",
			);
			runOnlyForDeploymentPostprocessing = 0;
			shellPath = /bin/sh;
			shellScript = "diff \"${PODS_PODFILE_DIR_PATH}/Podfile.lock\" \"${PODS_ROOT}/Manifest.lock\" > /dev/null\nif [ $? != 0 ] ; then\n    # print error to STDERR\n    echo \"error: The sandbox is not in sync with the Podfile.lock. Run 'pod install' or update your CocoaPods installation.\" >&2\n    exit 1\nfi\n# This output is used by Xcode 'outputs' to avoid re-running this script phase.\necho \"SUCCESS\" > \"${SCRIPT_OUTPUT_FILE_0}\"\n";
			showEnvVarsInLog = 0;
		};
		ED1D92F6923ED61794163E87 /* [CP] Check Pods Manifest.lock */ = {
			isa = PBXShellScriptBuildPhase;
			buildActionMask = 2147483647;
			files = (
			);
			inputPaths = (
				"${PODS_PODFILE_DIR_PATH}/Podfile.lock",
				"${PODS_ROOT}/Manifest.lock",
			);
			name = "[CP] Check Pods Manifest.lock";
			outputPaths = (
				"$(DERIVED_FILE_DIR)/Pods-middayUITests-checkManifestLockResult.txt",
			);
			runOnlyForDeploymentPostprocessing = 0;
			shellPath = /bin/sh;
			shellScript = "diff \"${PODS_PODFILE_DIR_PATH}/Podfile.lock\" \"${PODS_ROOT}/Manifest.lock\" > /dev/null\nif [ $? != 0 ] ; then\n    # print error to STDERR\n    echo \"error: The sandbox is not in sync with the Podfile.lock. Run 'pod install' or update your CocoaPods installation.\" >&2\n    exit 1\nfi\n# This output is used by Xcode 'outputs' to avoid re-running this script phase.\necho \"SUCCESS\" > \"${SCRIPT_OUTPUT_FILE_0}\"\n";
			showEnvVarsInLog = 0;
		};
/* End PBXShellScriptBuildPhase section */

/* Begin PBXSourcesBuildPhase section */
		3E4AFA7820390DB700E26791 /* Sources */ = {
			isa = PBXSourcesBuildPhase;
			buildActionMask = 2147483647;
			files = (
				3EFD920C20928BA200581281 /* Store.swift in Sources */,
				3EFD91F9207B011400581281 /* AvatarImageView.swift in Sources */,
				3EFD92052087FAAD00581281 /* FeedItem.swift in Sources */,
				3E7CEE0A207056610082B935 /* LoginViewController.swift in Sources */,
				3E725D9E20DF0B570015A7C2 /* FeedTableViewCell.swift in Sources */,
				3EFD9203207EE3AF00581281 /* CommunityDetailsViewController.swift in Sources */,
				3E725DA020DF1FF70015A7C2 /* UserLoadProfileImageMiddleware.swift in Sources */,
				3EFD9215209501B100581281 /* UserFetcher.swift in Sources */,
				3E040F3420AA44FA000801EF /* ProfileTableViewController.swift in Sources */,
				3E4AFA8420390DB700E26791 /* SecondViewController.swift in Sources */,
				3EFD92122092ADE900581281 /* CommunitiesFetcher.swift in Sources */,
				3EFD9220209A967E00581281 /* UserLoadBookMarksMiddleware.swift in Sources */,
				3EFD920F20928FFC00581281 /* CommunityActions.swift in Sources */,
				3E4AFA8020390DB700E26791 /* AppDelegate.swift in Sources */,
				3EFD91F72076D19200581281 /* CommunityTableView.swift in Sources */,
				3EFD91F32074454B00581281 /* CommunityTableViewCell.swift in Sources */,
				3EFD921E209A6CE400581281 /* UserMiddleware.swift in Sources */,
				3EC670FD2071C43F000E9F00 /* CommunitiesViewController.swift in Sources */,
				3EFD91F52076CC8000581281 /* Community.swift in Sources */,
				3EFD9208209289CD00581281 /* AppState.swift in Sources */,
				3EFD9222209FC15300581281 /* FeedFetcher.swift in Sources */,
				3EFD92192095370C00581281 /* UserActions.swift in Sources */,
				3EFD921B209A665C00581281 /* Reducer.swift in Sources */,
				3EFD91FB207C499000581281 /* CommunityViewController.swift in Sources */,
				3E4AFA8220390DB700E26791 /* HomeViewController.swift in Sources */,
				3EFD92172095028F00581281 /* User.swift in Sources */,
			);
			runOnlyForDeploymentPostprocessing = 0;
		};
		3E4AFA8E20390DB700E26791 /* Sources */ = {
			isa = PBXSourcesBuildPhase;
			buildActionMask = 2147483647;
			files = (
				3E4AFA9720390DB700E26791 /* middayTests.swift in Sources */,
			);
			runOnlyForDeploymentPostprocessing = 0;
		};
		3E4AFA9920390DB700E26791 /* Sources */ = {
			isa = PBXSourcesBuildPhase;
			buildActionMask = 2147483647;
			files = (
				3E4AFAA220390DB700E26791 /* middayUITests.swift in Sources */,
			);
			runOnlyForDeploymentPostprocessing = 0;
		};
/* End PBXSourcesBuildPhase section */

/* Begin PBXTargetDependency section */
		3E4AFA9420390DB700E26791 /* PBXTargetDependency */ = {
			isa = PBXTargetDependency;
			target = 3E4AFA7B20390DB700E26791 /* midday */;
			targetProxy = 3E4AFA9320390DB700E26791 /* PBXContainerItemProxy */;
		};
		3E4AFA9F20390DB700E26791 /* PBXTargetDependency */ = {
			isa = PBXTargetDependency;
			target = 3E4AFA7B20390DB700E26791 /* midday */;
			targetProxy = 3E4AFA9E20390DB700E26791 /* PBXContainerItemProxy */;
		};
/* End PBXTargetDependency section */

/* Begin PBXVariantGroup section */
		3E4AFA8520390DB700E26791 /* Main.storyboard */ = {
			isa = PBXVariantGroup;
			children = (
				3E4AFA8620390DB700E26791 /* Base */,
				3E0CEB4B207043A60016DD39 /* en */,
			);
			name = Main.storyboard;
			sourceTree = "<group>";
		};
		3E4AFA8A20390DB700E26791 /* LaunchScreen.storyboard */ = {
			isa = PBXVariantGroup;
			children = (
				3E4AFA8B20390DB700E26791 /* Base */,
			);
			name = LaunchScreen.storyboard;
			sourceTree = "<group>";
		};
/* End PBXVariantGroup section */

/* Begin XCBuildConfiguration section */
		3E4AFAA420390DB700E26791 /* Debug */ = {
			isa = XCBuildConfiguration;
			buildSettings = {
				ALWAYS_SEARCH_USER_PATHS = NO;
				CLANG_ANALYZER_NONNULL = YES;
				CLANG_ANALYZER_NUMBER_OBJECT_CONVERSION = YES_AGGRESSIVE;
				CLANG_CXX_LANGUAGE_STANDARD = "gnu++14";
				CLANG_CXX_LIBRARY = "libc++";
				CLANG_ENABLE_MODULES = YES;
				CLANG_ENABLE_OBJC_ARC = YES;
				CLANG_WARN_BLOCK_CAPTURE_AUTORELEASING = YES;
				CLANG_WARN_BOOL_CONVERSION = YES;
				CLANG_WARN_COMMA = YES;
				CLANG_WARN_CONSTANT_CONVERSION = YES;
				CLANG_WARN_DIRECT_OBJC_ISA_USAGE = YES_ERROR;
				CLANG_WARN_DOCUMENTATION_COMMENTS = YES;
				CLANG_WARN_EMPTY_BODY = YES;
				CLANG_WARN_ENUM_CONVERSION = YES;
				CLANG_WARN_INFINITE_RECURSION = YES;
				CLANG_WARN_INT_CONVERSION = YES;
				CLANG_WARN_NON_LITERAL_NULL_CONVERSION = YES;
				CLANG_WARN_OBJC_LITERAL_CONVERSION = YES;
				CLANG_WARN_OBJC_ROOT_CLASS = YES_ERROR;
				CLANG_WARN_RANGE_LOOP_ANALYSIS = YES;
				CLANG_WARN_STRICT_PROTOTYPES = YES;
				CLANG_WARN_SUSPICIOUS_MOVE = YES;
				CLANG_WARN_UNGUARDED_AVAILABILITY = YES_AGGRESSIVE;
				CLANG_WARN_UNREACHABLE_CODE = YES;
				CLANG_WARN__DUPLICATE_METHOD_MATCH = YES;
				CODE_SIGN_IDENTITY = "iPhone Developer";
				COPY_PHASE_STRIP = NO;
				DEBUG_INFORMATION_FORMAT = dwarf;
				ENABLE_STRICT_OBJC_MSGSEND = YES;
				ENABLE_TESTABILITY = YES;
				GCC_C_LANGUAGE_STANDARD = gnu11;
				GCC_DYNAMIC_NO_PIC = NO;
				GCC_NO_COMMON_BLOCKS = YES;
				GCC_OPTIMIZATION_LEVEL = 0;
				GCC_PREPROCESSOR_DEFINITIONS = (
					"DEBUG=1",
					"$(inherited)",
				);
				GCC_WARN_64_TO_32_BIT_CONVERSION = YES;
				GCC_WARN_ABOUT_RETURN_TYPE = YES_ERROR;
				GCC_WARN_UNDECLARED_SELECTOR = YES;
				GCC_WARN_UNINITIALIZED_AUTOS = YES_AGGRESSIVE;
				GCC_WARN_UNUSED_FUNCTION = YES;
				GCC_WARN_UNUSED_VARIABLE = YES;
				IPHONEOS_DEPLOYMENT_TARGET = 11.2;
				MTL_ENABLE_DEBUG_INFO = YES;
				ONLY_ACTIVE_ARCH = YES;
				SDKROOT = iphoneos;
				SWIFT_ACTIVE_COMPILATION_CONDITIONS = DEBUG;
				SWIFT_OPTIMIZATION_LEVEL = "-Onone";
			};
			name = Debug;
		};
		3E4AFAA520390DB700E26791 /* Release */ = {
			isa = XCBuildConfiguration;
			buildSettings = {
				ALWAYS_SEARCH_USER_PATHS = NO;
				CLANG_ANALYZER_NONNULL = YES;
				CLANG_ANALYZER_NUMBER_OBJECT_CONVERSION = YES_AGGRESSIVE;
				CLANG_CXX_LANGUAGE_STANDARD = "gnu++14";
				CLANG_CXX_LIBRARY = "libc++";
				CLANG_ENABLE_MODULES = YES;
				CLANG_ENABLE_OBJC_ARC = YES;
				CLANG_WARN_BLOCK_CAPTURE_AUTORELEASING = YES;
				CLANG_WARN_BOOL_CONVERSION = YES;
				CLANG_WARN_COMMA = YES;
				CLANG_WARN_CONSTANT_CONVERSION = YES;
				CLANG_WARN_DIRECT_OBJC_ISA_USAGE = YES_ERROR;
				CLANG_WARN_DOCUMENTATION_COMMENTS = YES;
				CLANG_WARN_EMPTY_BODY = YES;
				CLANG_WARN_ENUM_CONVERSION = YES;
				CLANG_WARN_INFINITE_RECURSION = YES;
				CLANG_WARN_INT_CONVERSION = YES;
				CLANG_WARN_NON_LITERAL_NULL_CONVERSION = YES;
				CLANG_WARN_OBJC_LITERAL_CONVERSION = YES;
				CLANG_WARN_OBJC_ROOT_CLASS = YES_ERROR;
				CLANG_WARN_RANGE_LOOP_ANALYSIS = YES;
				CLANG_WARN_STRICT_PROTOTYPES = YES;
				CLANG_WARN_SUSPICIOUS_MOVE = YES;
				CLANG_WARN_UNGUARDED_AVAILABILITY = YES_AGGRESSIVE;
				CLANG_WARN_UNREACHABLE_CODE = YES;
				CLANG_WARN__DUPLICATE_METHOD_MATCH = YES;
				CODE_SIGN_IDENTITY = "iPhone Developer";
				COPY_PHASE_STRIP = NO;
				DEBUG_INFORMATION_FORMAT = "dwarf-with-dsym";
				ENABLE_NS_ASSERTIONS = NO;
				ENABLE_STRICT_OBJC_MSGSEND = YES;
				GCC_C_LANGUAGE_STANDARD = gnu11;
				GCC_NO_COMMON_BLOCKS = YES;
				GCC_WARN_64_TO_32_BIT_CONVERSION = YES;
				GCC_WARN_ABOUT_RETURN_TYPE = YES_ERROR;
				GCC_WARN_UNDECLARED_SELECTOR = YES;
				GCC_WARN_UNINITIALIZED_AUTOS = YES_AGGRESSIVE;
				GCC_WARN_UNUSED_FUNCTION = YES;
				GCC_WARN_UNUSED_VARIABLE = YES;
				IPHONEOS_DEPLOYMENT_TARGET = 11.2;
				MTL_ENABLE_DEBUG_INFO = NO;
				SDKROOT = iphoneos;
				SWIFT_OPTIMIZATION_LEVEL = "-Owholemodule";
				VALIDATE_PRODUCT = YES;
			};
			name = Release;
		};
		3E4AFAA720390DB700E26791 /* Debug */ = {
			isa = XCBuildConfiguration;
			baseConfigurationReference = EE16F181B130F52C080C1999 /* Pods-midday.debug.xcconfig */;
			buildSettings = {
				ASSETCATALOG_COMPILER_APPICON_NAME = AppIcon;
				CODE_SIGN_STYLE = Automatic;
				INFOPLIST_FILE = midday/Info.plist;
				LD_RUNPATH_SEARCH_PATHS = "$(inherited) @executable_path/Frameworks";
				PRODUCT_BUNDLE_IDENTIFIER = com.darkarts.midday;
				PRODUCT_NAME = "$(TARGET_NAME)";
				SWIFT_VERSION = 3.0;
				TARGETED_DEVICE_FAMILY = "1,2";
			};
			name = Debug;
		};
		3E4AFAA820390DB700E26791 /* Release */ = {
			isa = XCBuildConfiguration;
			baseConfigurationReference = 7EE7ECD85153BF31D4651F80 /* Pods-midday.release.xcconfig */;
			buildSettings = {
				ASSETCATALOG_COMPILER_APPICON_NAME = AppIcon;
				CODE_SIGN_STYLE = Automatic;
				INFOPLIST_FILE = midday/Info.plist;
				LD_RUNPATH_SEARCH_PATHS = "$(inherited) @executable_path/Frameworks";
				PRODUCT_BUNDLE_IDENTIFIER = com.darkarts.midday;
				PRODUCT_NAME = "$(TARGET_NAME)";
				SWIFT_VERSION = 3.0;
				TARGETED_DEVICE_FAMILY = "1,2";
			};
			name = Release;
		};
		3E4AFAAA20390DB700E26791 /* Debug */ = {
			isa = XCBuildConfiguration;
			baseConfigurationReference = 84412540D57A6E2B811CF873 /* Pods-middayTests.debug.xcconfig */;
			buildSettings = {
				ALWAYS_EMBED_SWIFT_STANDARD_LIBRARIES = YES;
				BUNDLE_LOADER = "$(TEST_HOST)";
				CODE_SIGN_STYLE = Automatic;
				INFOPLIST_FILE = middayTests/Info.plist;
				LD_RUNPATH_SEARCH_PATHS = "$(inherited) @executable_path/Frameworks @loader_path/Frameworks";
				PRODUCT_BUNDLE_IDENTIFIER = com.darkarts.middayTests;
				PRODUCT_NAME = "$(TARGET_NAME)";
				SWIFT_VERSION = 4.0;
				TARGETED_DEVICE_FAMILY = "1,2";
				TEST_HOST = "$(BUILT_PRODUCTS_DIR)/midday.app/midday";
			};
			name = Debug;
		};
		3E4AFAAB20390DB700E26791 /* Release */ = {
			isa = XCBuildConfiguration;
			baseConfigurationReference = 288B2C62F185006407F7564A /* Pods-middayTests.release.xcconfig */;
			buildSettings = {
				ALWAYS_EMBED_SWIFT_STANDARD_LIBRARIES = YES;
				BUNDLE_LOADER = "$(TEST_HOST)";
				CODE_SIGN_STYLE = Automatic;
				INFOPLIST_FILE = middayTests/Info.plist;
				LD_RUNPATH_SEARCH_PATHS = "$(inherited) @executable_path/Frameworks @loader_path/Frameworks";
				PRODUCT_BUNDLE_IDENTIFIER = com.darkarts.middayTests;
				PRODUCT_NAME = "$(TARGET_NAME)";
				SWIFT_VERSION = 4.0;
				TARGETED_DEVICE_FAMILY = "1,2";
				TEST_HOST = "$(BUILT_PRODUCTS_DIR)/midday.app/midday";
			};
			name = Release;
		};
		3E4AFAAD20390DB700E26791 /* Debug */ = {
			isa = XCBuildConfiguration;
			baseConfigurationReference = FCB765E2DA8EBC1BE7281F65 /* Pods-middayUITests.debug.xcconfig */;
			buildSettings = {
				ALWAYS_EMBED_SWIFT_STANDARD_LIBRARIES = YES;
				CODE_SIGN_STYLE = Automatic;
				INFOPLIST_FILE = middayUITests/Info.plist;
				LD_RUNPATH_SEARCH_PATHS = "$(inherited) @executable_path/Frameworks @loader_path/Frameworks";
				PRODUCT_BUNDLE_IDENTIFIER = com.darkarts.middayUITests;
				PRODUCT_NAME = "$(TARGET_NAME)";
				SWIFT_VERSION = 4.0;
				TARGETED_DEVICE_FAMILY = "1,2";
				TEST_TARGET_NAME = midday;
			};
			name = Debug;
		};
		3E4AFAAE20390DB700E26791 /* Release */ = {
			isa = XCBuildConfiguration;
			baseConfigurationReference = ACED3D424C50F942E1AC8C25 /* Pods-middayUITests.release.xcconfig */;
			buildSettings = {
				ALWAYS_EMBED_SWIFT_STANDARD_LIBRARIES = YES;
				CODE_SIGN_STYLE = Automatic;
				INFOPLIST_FILE = middayUITests/Info.plist;
				LD_RUNPATH_SEARCH_PATHS = "$(inherited) @executable_path/Frameworks @loader_path/Frameworks";
				PRODUCT_BUNDLE_IDENTIFIER = com.darkarts.middayUITests;
				PRODUCT_NAME = "$(TARGET_NAME)";
				SWIFT_VERSION = 4.0;
				TARGETED_DEVICE_FAMILY = "1,2";
				TEST_TARGET_NAME = midday;
			};
			name = Release;
		};
/* End XCBuildConfiguration section */

/* Begin XCConfigurationList section */
		3E4AFA7720390DB700E26791 /* Build configuration list for PBXProject "midday" */ = {
			isa = XCConfigurationList;
			buildConfigurations = (
				3E4AFAA420390DB700E26791 /* Debug */,
				3E4AFAA520390DB700E26791 /* Release */,
			);
			defaultConfigurationIsVisible = 0;
			defaultConfigurationName = Release;
		};
		3E4AFAA620390DB700E26791 /* Build configuration list for PBXNativeTarget "midday" */ = {
			isa = XCConfigurationList;
			buildConfigurations = (
				3E4AFAA720390DB700E26791 /* Debug */,
				3E4AFAA820390DB700E26791 /* Release */,
			);
			defaultConfigurationIsVisible = 0;
			defaultConfigurationName = Release;
		};
		3E4AFAA920390DB700E26791 /* Build configuration list for PBXNativeTarget "middayTests" */ = {
			isa = XCConfigurationList;
			buildConfigurations = (
				3E4AFAAA20390DB700E26791 /* Debug */,
				3E4AFAAB20390DB700E26791 /* Release */,
			);
			defaultConfigurationIsVisible = 0;
			defaultConfigurationName = Release;
		};
		3E4AFAAC20390DB700E26791 /* Build configuration list for PBXNativeTarget "middayUITests" */ = {
			isa = XCConfigurationList;
			buildConfigurations = (
				3E4AFAAD20390DB700E26791 /* Debug */,
				3E4AFAAE20390DB700E26791 /* Release */,
			);
			defaultConfigurationIsVisible = 0;
			defaultConfigurationName = Release;
		};
/* End XCConfigurationList section */
	};
	rootObject = 3E4AFA7420390DB700E26791 /* Project object */;
}
